{
  "version": 4,
  "terraform_version": "1.5.7",
  "serial": 4,
  "lineage": "e7d4df5b-ba81-a815-79a0-4100097e36a0",
  "outputs": {},
  "resources": [
    {
      "mode": "managed",
      "type": "aws_instance",
      "name": "FRONTENT-SERVER",
      "provider": "provider[\"registry.terraform.io/hashicorp/aws\"]",
      "instances": [
        {
          "index_key": 0,
          "schema_version": 1,
          "attributes": {
            "ami": "ami-0fc5d935ebf8bc3bc",
            "arn": "arn:aws:ec2:us-east-1:776691975748:instance/i-01d30145a7647a51d",
            "associate_public_ip_address": true,
            "availability_zone": "us-east-1c",
            "capacity_reservation_specification": [
              {
                "capacity_reservation_preference": "open",
                "capacity_reservation_target": []
              }
            ],
            "cpu_core_count": 1,
            "cpu_options": [
              {
                "amd_sev_snp": "",
                "core_count": 1,
                "threads_per_core": 1
              }
            ],
            "cpu_threads_per_core": 1,
            "credit_specification": [
              {
                "cpu_credits": "standard"
              }
            ],
            "disable_api_stop": false,
            "disable_api_termination": false,
            "ebs_block_device": [],
            "ebs_optimized": false,
            "enclave_options": [
              {
                "enabled": false
              }
            ],
            "ephemeral_block_device": [],
            "get_password_data": false,
            "hibernation": false,
            "host_id": "",
            "host_resource_group_arn": null,
            "iam_instance_profile": "",
            "id": "i-01d30145a7647a51d",
            "instance_initiated_shutdown_behavior": "stop",
            "instance_lifecycle": "",
            "instance_market_options": [],
            "instance_state": "running",
            "instance_type": "t2.micro",
            "ipv6_address_count": 0,
            "ipv6_addresses": [],
            "key_name": "ssh_key1",
            "launch_template": [],
            "maintenance_options": [
              {
                "auto_recovery": "default"
              }
            ],
            "metadata_options": [
              {
                "http_endpoint": "enabled",
                "http_protocol_ipv6": "disabled",
                "http_put_response_hop_limit": 1,
                "http_tokens": "optional",
                "instance_metadata_tags": "disabled"
              }
            ],
            "monitoring": false,
            "network_interface": [],
            "outpost_arn": "",
            "password_data": "",
            "placement_group": "",
            "placement_partition_number": 0,
            "primary_network_interface_id": "eni-09a3d090c6ec326b9",
            "private_dns": "ip-172-31-22-166.ec2.internal",
            "private_dns_name_options": [
              {
                "enable_resource_name_dns_a_record": false,
                "enable_resource_name_dns_aaaa_record": false,
                "hostname_type": "ip-name"
              }
            ],
            "private_ip": "172.31.22.166",
            "public_dns": "ec2-54-160-169-45.compute-1.amazonaws.com",
            "public_ip": "54.160.169.45",
            "root_block_device": [
              {
                "delete_on_termination": true,
                "device_name": "/dev/sda1",
                "encrypted": false,
                "iops": 100,
                "kms_key_id": "",
                "tags": {},
                "throughput": 0,
                "volume_id": "vol-0e318500e33b0ca77",
                "volume_size": 8,
                "volume_type": "gp2"
              }
            ],
            "secondary_private_ips": [],
            "security_groups": [
              "default"
            ],
            "source_dest_check": true,
            "spot_instance_request_id": "",
            "subnet_id": "subnet-071f0584a6abbb58a",
            "tags": {
              "Name": "Client Instance"
            },
            "tags_all": {
              "Name": "Client Instance"
            },
            "tenancy": "default",
            "timeouts": null,
            "user_data": null,
            "user_data_base64": null,
            "user_data_replace_on_change": false,
            "volume_tags": null,
            "vpc_security_group_ids": [
              "sg-04a8ab7c4f2bdc2e8"
            ]
          },
          "sensitive_attributes": [],
          "private": "eyJlMmJmYjczMC1lY2FhLTExZTYtOGY4OC0zNDM2M2JjN2M0YzAiOnsiY3JlYXRlIjo2MDAwMDAwMDAwMDAsImRlbGV0ZSI6MTIwMDAwMDAwMDAwMCwidXBkYXRlIjo2MDAwMDAwMDAwMDB9LCJzY2hlbWFfdmVyc2lvbiI6IjEifQ==",
          "dependencies": [
            "aws_key_pair.ssh_key1"
          ]
        }
      ]
    },
    {
      "mode": "managed",
      "type": "aws_key_pair",
      "name": "ssh_key1",
      "provider": "provider[\"registry.terraform.io/hashicorp/aws\"]",
      "instances": [
        {
          "schema_version": 1,
          "attributes": {
            "arn": "arn:aws:ec2:us-east-1:776691975748:key-pair/ssh_key1",
            "fingerprint": "48:6c:be:63:55:65:2d:73:1f:f0:74:fc:24:cd:e7:b8",
            "id": "ssh_key1",
            "key_name": "ssh_key1",
            "key_name_prefix": "",
            "key_pair_id": "key-0438437af8f46ea3a",
            "key_type": "rsa",
            "public_key": "ssh-rsa AAAAB3NzaC1yc2EAAAADAQABAAABgQD5KLfJ5ftgAoVVKVzZvASgbLn5ZzQUvnd9Ix8W2cOuBX0tsqjFeDYGjyjE+421v9VN6yQQlgYqyUdxQwUR3fONRCMK6zfrcW+DLvm99CxkE3YxQswE/kfK4nQt3gwgj1toxki6EB/1Hxp8FhJPAMlzjFYO4F/gdZBydKjMGPnBjC301QCb4QlOgOHoq3UTO15mt/346bpkaXjnslNclmNtfaSJHSdJJyXEHASq9y0fXvOXlrVluWFrHxdP7yH7rjFYtkhrvMHrWjpf5443WdsPoEzd7/QlPURD0Atwe67EsAX7SUcukD0bakPbBk+ZEm6b1ZQaqEfI/co+STd1lO4+HrYQZt8DEW/BlwSp/mgEpg3iLBXfQriONOWZA5Ou7ewLmomHmQDa8Za4N4rdkxJVaoCkFJF22E1LohD4H8cXB8+rzrXj/8HDmb13qcxe1BqPRT6cyHCwnmYrIS0Qfl1WSWq60fE1sTe5iubJ2SEJaPJSDlo2SmiICdczU3aIies= irehankhan@Rehans-Mac-mini.local",
            "tags": null,
            "tags_all": {}
          },
          "sensitive_attributes": [],
          "private": "eyJzY2hlbWFfdmVyc2lvbiI6IjEifQ=="
        }
      ]
    }
  ],
  "check_results": null
}
